# THIS IS AN AUTOGENERATED FILE. DO NOT EDIT THIS FILE DIRECTLY.
# yarn lockfile v1


"@hotwired/stimulus@^3.2.2":
  version "3.2.2"
  resolved "https://registry.yarnpkg.com/@hotwired/stimulus/-/stimulus-3.2.2.tgz#071aab59c600fed95b97939e605ff261a4251608"
  integrity sha512-eGeIqNOQpXoPAIP7tC1+1Yc1yl1xnwYqg+3mzqxyrbE5pg5YFBZcA6YoTiByJB6DKAEsiWtl6tjTJS4IYtbB7A==

"@hotwired/turbo-rails@^7.3.0":
  version "7.3.0"
  resolved "https://registry.yarnpkg.com/@hotwired/turbo-rails/-/turbo-rails-7.3.0.tgz#422c21752509f3edcd6c7b2725bbe9e157815f51"
  integrity sha512-fvhO64vp/a2UVQ3jue9WTc2JisMv9XilIC7ViZmXAREVwiQ2S4UC7Go8f9A1j4Xu7DBI6SbFdqILk5ImqVoqyA==
  dependencies:
    "@hotwired/turbo" "^7.3.0"
    "@rails/actioncable" "^7.0"

"@hotwired/turbo@^7.3.0":
  version "7.3.0"
  resolved "https://registry.yarnpkg.com/@hotwired/turbo/-/turbo-7.3.0.tgz#2226000fff1aabda9fd9587474565c9929dbf15d"
  integrity sha512-Dcu+NaSvHLT7EjrDrkEmH4qET2ZJZ5IcCWmNXxNQTBwlnE5tBZfN6WxZ842n5cHV52DH/AKNirbPBtcEXDLW4g==

"@popperjs/core@^2.11.8":
  version "2.11.8"
  resolved "https://registry.yarnpkg.com/@popperjs/core/-/core-2.11.8.tgz#6b79032e760a0899cd4204710beede972a3a185f"
  integrity sha512-P1st0aksCrn9sGZhp8GMYwBnQsbvAWsZAX44oXNNvLHGqAOcoVxmjZiohstwQ7SqKnbR47akdNi+uleWD8+g6A==

"@rails/actioncable@^7.0":
  version "7.1.1"
  resolved "https://registry.yarnpkg.com/@rails/actioncable/-/actioncable-7.1.1.tgz#e8c49769d41f35a4473133c259cc98adc04dddf8"
  integrity sha512-ZRJ9rdwFQQjRbtgJnweY0/4UQyxN6ojEGRdib0JkjnuIciv+4ok/aAeZmBJqNreTMaBqS0eHyA9hCArwN58opg==

"@rails/actiontext@^7.1.2":
  version "7.1.2"
  resolved "https://registry.yarnpkg.com/@rails/actiontext/-/actiontext-7.1.2.tgz#2f7772b33951f76a07e9ff83d54519c362d99fd5"
  integrity sha512-qiSUtop7rIb9BlwvgU98u+y8erlWhOiV0AveoHQ4EzN11VAWj3Euao9O+Q1iEJfIPcgXRvnsVLIJPrz3ldizFg==
  dependencies:
    "@rails/activestorage" ">= 7.1.0-alpha"

"@rails/activestorage@>= 7.1.0-alpha":
  version "7.1.2"
  resolved "https://registry.yarnpkg.com/@rails/activestorage/-/activestorage-7.1.2.tgz#088dce680fa1e0a4f8e0c5ac91073f729204ed06"
  integrity sha512-evC/xGlpq5XGpcNJina3oNVVB8pUp1GpnN3a84SVA+UNuB6O91OdNRl9BGHNAOo6/jxmFtLb73PIjWqQyVE14w==
  dependencies:
    spark-md5 "^3.0.1"

bootstrap@^5.3.2:
  version "5.3.2"
  resolved "https://registry.yarnpkg.com/bootstrap/-/bootstrap-5.3.2.tgz#97226583f27aae93b2b28ab23f4c114757ff16ae"
  integrity sha512-D32nmNWiQHo94BKHLmOrdjlL05q1c8oxbtBphQFb9Z5to6eGRDCm0QgeaZ4zFBHzfg2++rqa2JkqCcxDy0sH0g==

spark-md5@^3.0.1:
  version "3.0.2"
  resolved "https://registry.yarnpkg.com/spark-md5/-/spark-md5-3.0.2.tgz#7952c4a30784347abcee73268e473b9c0167e3fc"
  integrity sha512-wcFzz9cDfbuqe0FZzfi2or1sgyIrsDwmPwfZC4hiNidPdPINjeUwNfv5kldczoEAcjl9Y1L3SM7Uz2PUEQzxQw==

trix@^2.0.8:
  version "2.0.8"
  resolved "https://registry.yarnpkg.com/trix/-/trix-2.0.8.tgz#6fff81b9e02c4f60a181febb3f6e862fbb98f1c4"
  integrity sha512-tPqJl+NjALVUOC8sNfRrY42K7cfp4QBb9svXxmfhxYrspF9fOOzXq+GnDa9l2ZAcfM43msnPpkJ7MrJQA3FgrA==
